
Microsoft Visual Studio Solution File, Format Version 12.00
# Visual Studio Version 17
VisualStudioVersion = 17.1.32228.430
MinimumVisualStudioVersion = 10.0.40219.1
Project("{FAE04EC0-301F-11D3-BF4B-00C04F79EFBC}") = "WRSudoku", "WRSudoku.csproj", "{D51E7906-984E-47A3-A73A-C31AA2569014}"
EndProject
Global
	GlobalSection(SolutionConfigurationPlatforms) = preSolution
		Debug|Any CPU = Debug|Any CPU
		Release|Any CPU = Release|Any CPU
	EndGlobalSection
	GlobalSection(ProjectConfigurationPlatforms) = postSolution
		{D51E7906-984E-47A3-A73A-C31AA2569014}.Debug|Any CPU.ActiveCfg = Debug|Any CPU
		{D51E7906-984E-47A3-A73A-C31AA2569014}.Debug|Any CPU.Build.0 = Debug|Any CPU
		{D51E7906-984E-47A3-A73A-C31AA2569014}.Release|Any CPU.ActiveCfg = Release|Any CPU
		{D51E7906-984E-47A3-A73A-C31AA2569014}.Release|Any CPU.Build.0 = Release|Any CPU
	EndGlobalSection
	GlobalSection(SolutionProperties) = preSolution
		HideSolutionNode = FALSE
	EndGlobalSection
	GlobalSection(ExtensibilityGlobals) = postSolution
		SolutionGuid = {10B6B21D-32B6-4F59-9E65-D005481BF3C7}
	EndGlobalSection
EndGlobal
